
Microsoft Visual Studio Solution File, Format Version 10.00
# Visual Studio 2008
Project("{2150E333-8FDC-42A3-9474-1A3956D46DE8}") = "Solution Items", "Solution Items", "{138B7800-6AA0-424D-9870-960BD98F3FAB}"
	ProjectSection(SolutionItems) = preProject
		HackCastleDoctrine.vsmdi = HackCastleDoctrine.vsmdi
		LocalTestRun.testrunconfig = LocalTestRun.testrunconfig
	EndProjectSection
EndProject
Project("{FAE04EC0-301F-11D3-BF4B-00C04F79EFBC}") = "CD", "CD\CD.csproj", "{DCF0F733-4D3B-4144-B162-54B4FF204A18}"
EndProject
Project("{FAE04EC0-301F-11D3-BF4B-00C04F79EFBC}") = "More", "..\More\More.csproj", "{9AF5441B-8208-44E6-9686-A29D8019FBD5}"
EndProject
Project("{FAE04EC0-301F-11D3-BF4B-00C04F79EFBC}") = "More.Net", "..\Net\More.Net.csproj", "{DA99C4F0-3EF4-4D75-8A28-A8789B19B96F}"
EndProject
Project("{8BC9CEB8-8B4A-11D0-8D11-00A0C91BC942}") = "PacketCat", "TcpCap\TcpCap.vcproj", "{22601E80-0B70-488B-AF15-62FA564E035D}"
EndProject
Project("{FAE04EC0-301F-11D3-BF4B-00C04F79EFBC}") = "CastleDoctrineRobber", "CastleDoctrineRobber\CastleDoctrineRobber.csproj", "{677D11E4-92EA-4241-9778-3FB218A730D4}"
EndProject
Project("{FAE04EC0-301F-11D3-BF4B-00C04F79EFBC}") = "CastleDoctrineRobberILMerge", "CastleDoctrineRobber\CastleDoctrineRobberILMerge.csproj", "{B1370E63-9F7D-4925-90E5-A297C5330E3B}"
EndProject
Global
	GlobalSection(SolutionConfigurationPlatforms) = preSolution
		Debug|Any CPU = Debug|Any CPU
		Debug|Mixed Platforms = Debug|Mixed Platforms
		Debug|Win32 = Debug|Win32
		Release|Any CPU = Release|Any CPU
		Release|Mixed Platforms = Release|Mixed Platforms
		Release|Win32 = Release|Win32
	EndGlobalSection
	GlobalSection(ProjectConfigurationPlatforms) = postSolution
		{DCF0F733-4D3B-4144-B162-54B4FF204A18}.Debug|Any CPU.ActiveCfg = Debug|Any CPU
		{DCF0F733-4D3B-4144-B162-54B4FF204A18}.Debug|Any CPU.Build.0 = Debug|Any CPU
		{DCF0F733-4D3B-4144-B162-54B4FF204A18}.Debug|Mixed Platforms.ActiveCfg = Debug|Any CPU
		{DCF0F733-4D3B-4144-B162-54B4FF204A18}.Debug|Mixed Platforms.Build.0 = Debug|Any CPU
		{DCF0F733-4D3B-4144-B162-54B4FF204A18}.Debug|Win32.ActiveCfg = Debug|Any CPU
		{DCF0F733-4D3B-4144-B162-54B4FF204A18}.Release|Any CPU.ActiveCfg = Release|Any CPU
		{DCF0F733-4D3B-4144-B162-54B4FF204A18}.Release|Any CPU.Build.0 = Release|Any CPU
		{DCF0F733-4D3B-4144-B162-54B4FF204A18}.Release|Mixed Platforms.ActiveCfg = Release|Any CPU
		{DCF0F733-4D3B-4144-B162-54B4FF204A18}.Release|Mixed Platforms.Build.0 = Release|Any CPU
		{DCF0F733-4D3B-4144-B162-54B4FF204A18}.Release|Win32.ActiveCfg = Release|Any CPU
		{9AF5441B-8208-44E6-9686-A29D8019FBD5}.Debug|Any CPU.ActiveCfg = Debug|Any CPU
		{9AF5441B-8208-44E6-9686-A29D8019FBD5}.Debug|Any CPU.Build.0 = Debug|Any CPU
		{9AF5441B-8208-44E6-9686-A29D8019FBD5}.Debug|Mixed Platforms.ActiveCfg = Debug|Any CPU
		{9AF5441B-8208-44E6-9686-A29D8019FBD5}.Debug|Mixed Platforms.Build.0 = Debug|Any CPU
		{9AF5441B-8208-44E6-9686-A29D8019FBD5}.Debug|Win32.ActiveCfg = Debug|Any CPU
		{9AF5441B-8208-44E6-9686-A29D8019FBD5}.Release|Any CPU.ActiveCfg = Release|Any CPU
		{9AF5441B-8208-44E6-9686-A29D8019FBD5}.Release|Any CPU.Build.0 = Release|Any CPU
		{9AF5441B-8208-44E6-9686-A29D8019FBD5}.Release|Mixed Platforms.ActiveCfg = Release|Any CPU
		{9AF5441B-8208-44E6-9686-A29D8019FBD5}.Release|Mixed Platforms.Build.0 = Release|Any CPU
		{9AF5441B-8208-44E6-9686-A29D8019FBD5}.Release|Win32.ActiveCfg = Release|Any CPU
		{DA99C4F0-3EF4-4D75-8A28-A8789B19B96F}.Debug|Any CPU.ActiveCfg = Debug|Any CPU
		{DA99C4F0-3EF4-4D75-8A28-A8789B19B96F}.Debug|Any CPU.Build.0 = Debug|Any CPU
		{DA99C4F0-3EF4-4D75-8A28-A8789B19B96F}.Debug|Mixed Platforms.ActiveCfg = Debug|Any CPU
		{DA99C4F0-3EF4-4D75-8A28-A8789B19B96F}.Debug|Mixed Platforms.Build.0 = Debug|Any CPU
		{DA99C4F0-3EF4-4D75-8A28-A8789B19B96F}.Debug|Win32.ActiveCfg = Debug|Any CPU
		{DA99C4F0-3EF4-4D75-8A28-A8789B19B96F}.Release|Any CPU.ActiveCfg = Release|Any CPU
		{DA99C4F0-3EF4-4D75-8A28-A8789B19B96F}.Release|Any CPU.Build.0 = Release|Any CPU
		{DA99C4F0-3EF4-4D75-8A28-A8789B19B96F}.Release|Mixed Platforms.ActiveCfg = Release|Any CPU
		{DA99C4F0-3EF4-4D75-8A28-A8789B19B96F}.Release|Mixed Platforms.Build.0 = Release|Any CPU
		{DA99C4F0-3EF4-4D75-8A28-A8789B19B96F}.Release|Win32.ActiveCfg = Release|Any CPU
		{22601E80-0B70-488B-AF15-62FA564E035D}.Debug|Any CPU.ActiveCfg = Debug|Win32
		{22601E80-0B70-488B-AF15-62FA564E035D}.Debug|Mixed Platforms.ActiveCfg = Debug|Win32
		{22601E80-0B70-488B-AF15-62FA564E035D}.Debug|Mixed Platforms.Build.0 = Debug|Win32
		{22601E80-0B70-488B-AF15-62FA564E035D}.Debug|Win32.ActiveCfg = Debug|Win32
		{22601E80-0B70-488B-AF15-62FA564E035D}.Debug|Win32.Build.0 = Debug|Win32
		{22601E80-0B70-488B-AF15-62FA564E035D}.Release|Any CPU.ActiveCfg = Release|Win32
		{22601E80-0B70-488B-AF15-62FA564E035D}.Release|Mixed Platforms.ActiveCfg = Release|Win32
		{22601E80-0B70-488B-AF15-62FA564E035D}.Release|Mixed Platforms.Build.0 = Release|Win32
		{22601E80-0B70-488B-AF15-62FA564E035D}.Release|Win32.ActiveCfg = Release|Win32
		{22601E80-0B70-488B-AF15-62FA564E035D}.Release|Win32.Build.0 = Release|Win32
		{677D11E4-92EA-4241-9778-3FB218A730D4}.Debug|Any CPU.ActiveCfg = Debug|Any CPU
		{677D11E4-92EA-4241-9778-3FB218A730D4}.Debug|Any CPU.Build.0 = Debug|Any CPU
		{677D11E4-92EA-4241-9778-3FB218A730D4}.Debug|Mixed Platforms.ActiveCfg = Debug|Any CPU
		{677D11E4-92EA-4241-9778-3FB218A730D4}.Debug|Mixed Platforms.Build.0 = Debug|Any CPU
		{677D11E4-92EA-4241-9778-3FB218A730D4}.Debug|Win32.ActiveCfg = Debug|Any CPU
		{677D11E4-92EA-4241-9778-3FB218A730D4}.Release|Any CPU.ActiveCfg = Release|Any CPU
		{677D11E4-92EA-4241-9778-3FB218A730D4}.Release|Any CPU.Build.0 = Release|Any CPU
		{677D11E4-92EA-4241-9778-3FB218A730D4}.Release|Mixed Platforms.ActiveCfg = Release|Any CPU
		{677D11E4-92EA-4241-9778-3FB218A730D4}.Release|Mixed Platforms.Build.0 = Release|Any CPU
		{677D11E4-92EA-4241-9778-3FB218A730D4}.Release|Win32.ActiveCfg = Release|Any CPU
		{B1370E63-9F7D-4925-90E5-A297C5330E3B}.Debug|Any CPU.ActiveCfg = Debug|Any CPU
		{B1370E63-9F7D-4925-90E5-A297C5330E3B}.Debug|Any CPU.Build.0 = Debug|Any CPU
		{B1370E63-9F7D-4925-90E5-A297C5330E3B}.Debug|Mixed Platforms.ActiveCfg = Debug|Any CPU
		{B1370E63-9F7D-4925-90E5-A297C5330E3B}.Debug|Mixed Platforms.Build.0 = Debug|Any CPU
		{B1370E63-9F7D-4925-90E5-A297C5330E3B}.Debug|Win32.ActiveCfg = Debug|Any CPU
		{B1370E63-9F7D-4925-90E5-A297C5330E3B}.Release|Any CPU.ActiveCfg = Debug|Any CPU
		{B1370E63-9F7D-4925-90E5-A297C5330E3B}.Release|Any CPU.Build.0 = Debug|Any CPU
		{B1370E63-9F7D-4925-90E5-A297C5330E3B}.Release|Mixed Platforms.ActiveCfg = Release|Any CPU
		{B1370E63-9F7D-4925-90E5-A297C5330E3B}.Release|Mixed Platforms.Build.0 = Release|Any CPU
		{B1370E63-9F7D-4925-90E5-A297C5330E3B}.Release|Win32.ActiveCfg = Debug|Any CPU
	EndGlobalSection
	GlobalSection(SolutionProperties) = preSolution
		HideSolutionNode = FALSE
	EndGlobalSection
EndGlobal
