
Microsoft Visual Studio Solution File, Format Version 10.00
# Visual Studio 2008
Project("{FAE04EC0-301F-11D3-BF4B-00C04F79EFBC}") = "WaveGenerator", "WaveGenerator.csproj", "{9E91C12A-8F02-4255-89B1-7DA3CC1BA9AA}"
EndProject
Project("{FAE04EC0-301F-11D3-BF4B-00C04F79EFBC}") = "Marler.Audio", "..\Marler.Audio.csproj", "{CF327AF6-305E-4B60-9B14-798582D0C86F}"
EndProject
Project("{FAE04EC0-301F-11D3-BF4B-00C04F79EFBC}") = "More", "..\..\More\More.csproj", "{9AF5441B-8208-44E6-9686-A29D8019FBD5}"
EndProject
Global
	GlobalSection(SolutionConfigurationPlatforms) = preSolution
		Debug|Any CPU = Debug|Any CPU
		Release|Any CPU = Release|Any CPU
	EndGlobalSection
	GlobalSection(ProjectConfigurationPlatforms) = postSolution
		{9E91C12A-8F02-4255-89B1-7DA3CC1BA9AA}.Debug|Any CPU.ActiveCfg = Debug|Any CPU
		{9E91C12A-8F02-4255-89B1-7DA3CC1BA9AA}.Debug|Any CPU.Build.0 = Debug|Any CPU
		{9E91C12A-8F02-4255-89B1-7DA3CC1BA9AA}.Release|Any CPU.ActiveCfg = Release|Any CPU
		{9E91C12A-8F02-4255-89B1-7DA3CC1BA9AA}.Release|Any CPU.Build.0 = Release|Any CPU
		{CF327AF6-305E-4B60-9B14-798582D0C86F}.Debug|Any CPU.ActiveCfg = Debug|Any CPU
		{CF327AF6-305E-4B60-9B14-798582D0C86F}.Debug|Any CPU.Build.0 = Debug|Any CPU
		{CF327AF6-305E-4B60-9B14-798582D0C86F}.Release|Any CPU.ActiveCfg = Release|Any CPU
		{CF327AF6-305E-4B60-9B14-798582D0C86F}.Release|Any CPU.Build.0 = Release|Any CPU
		{9AF5441B-8208-44E6-9686-A29D8019FBD5}.Debug|Any CPU.ActiveCfg = Debug|Any CPU
		{9AF5441B-8208-44E6-9686-A29D8019FBD5}.Debug|Any CPU.Build.0 = Debug|Any CPU
		{9AF5441B-8208-44E6-9686-A29D8019FBD5}.Release|Any CPU.ActiveCfg = Release|Any CPU
		{9AF5441B-8208-44E6-9686-A29D8019FBD5}.Release|Any CPU.Build.0 = Release|Any CPU
	EndGlobalSection
	GlobalSection(SolutionProperties) = preSolution
		HideSolutionNode = FALSE
	EndGlobalSection
EndGlobal
