
Microsoft Visual Studio Solution File, Format Version 10.00
# Visual Studio 2008
Project("{FAE04EC0-301F-11D3-BF4B-00C04F79EFBC}") = "More.Pdl", "More.Pdl.csproj", "{C613AD8C-53C0-4A80-821F-8AF139DB34A5}"
EndProject
Project("{FAE04EC0-301F-11D3-BF4B-00C04F79EFBC}") = "More", "..\More\More.csproj", "{9AF5441B-8208-44E6-9686-A29D8019FBD5}"
EndProject
Project("{FAE04EC0-301F-11D3-BF4B-00C04F79EFBC}") = "PdlCodeGenerator", "PdlCodeGenerator\PdlCodeGenerator.csproj", "{9D76BA5E-211D-4818-A9B6-21BF2247A4DF}"
EndProject
Project("{FAE04EC0-301F-11D3-BF4B-00C04F79EFBC}") = "More.Pdl.CodeGenerationTask", "PdlCodeGenerationTask\More.Pdl.CodeGenerationTask.csproj", "{C19EEF50-C519-456B-8A49-51AAA64DF28D}"
EndProject
Global
	GlobalSection(SolutionConfigurationPlatforms) = preSolution
		Debug|Any CPU = Debug|Any CPU
		Release|Any CPU = Release|Any CPU
	EndGlobalSection
	GlobalSection(ProjectConfigurationPlatforms) = postSolution
		{C613AD8C-53C0-4A80-821F-8AF139DB34A5}.Debug|Any CPU.ActiveCfg = Debug|Any CPU
		{C613AD8C-53C0-4A80-821F-8AF139DB34A5}.Debug|Any CPU.Build.0 = Debug|Any CPU
		{C613AD8C-53C0-4A80-821F-8AF139DB34A5}.Release|Any CPU.ActiveCfg = Release|Any CPU
		{C613AD8C-53C0-4A80-821F-8AF139DB34A5}.Release|Any CPU.Build.0 = Release|Any CPU
		{9AF5441B-8208-44E6-9686-A29D8019FBD5}.Debug|Any CPU.ActiveCfg = Debug|Any CPU
		{9AF5441B-8208-44E6-9686-A29D8019FBD5}.Debug|Any CPU.Build.0 = Debug|Any CPU
		{9AF5441B-8208-44E6-9686-A29D8019FBD5}.Release|Any CPU.ActiveCfg = Release|Any CPU
		{9AF5441B-8208-44E6-9686-A29D8019FBD5}.Release|Any CPU.Build.0 = Release|Any CPU
		{9D76BA5E-211D-4818-A9B6-21BF2247A4DF}.Debug|Any CPU.ActiveCfg = Debug|Any CPU
		{9D76BA5E-211D-4818-A9B6-21BF2247A4DF}.Debug|Any CPU.Build.0 = Debug|Any CPU
		{9D76BA5E-211D-4818-A9B6-21BF2247A4DF}.Release|Any CPU.ActiveCfg = Release|Any CPU
		{9D76BA5E-211D-4818-A9B6-21BF2247A4DF}.Release|Any CPU.Build.0 = Release|Any CPU
		{C19EEF50-C519-456B-8A49-51AAA64DF28D}.Debug|Any CPU.ActiveCfg = Debug|Any CPU
		{C19EEF50-C519-456B-8A49-51AAA64DF28D}.Debug|Any CPU.Build.0 = Debug|Any CPU
		{C19EEF50-C519-456B-8A49-51AAA64DF28D}.Release|Any CPU.ActiveCfg = Release|Any CPU
		{C19EEF50-C519-456B-8A49-51AAA64DF28D}.Release|Any CPU.Build.0 = Release|Any CPU
	EndGlobalSection
	GlobalSection(SolutionProperties) = preSolution
		HideSolutionNode = FALSE
	EndGlobalSection
EndGlobal
