
Microsoft Visual Studio Solution File, Format Version 10.00
# Visual Studio 2008
Project("{2150E333-8FDC-42A3-9474-1A3956D46DE8}") = "Solution Items", "Solution Items", "{A240B552-6700-45BB-A78A-6E26C31FA553}"
	ProjectSection(SolutionItems) = preProject
		LocalTestRun.testrunconfig = LocalTestRun.testrunconfig
		More.vsmdi = More.vsmdi
	EndProjectSection
EndProject
Project("{FAE04EC0-301F-11D3-BF4B-00C04F79EFBC}") = "More.Test", "Test\More.Test.csproj", "{8A66267F-EA94-4EDC-99DE-53C7613902D2}"
EndProject
Project("{FAE04EC0-301F-11D3-BF4B-00C04F79EFBC}") = "More", "More.csproj", "{9AF5441B-8208-44E6-9686-A29D8019FBD5}"
EndProject
Project("{FAE04EC0-301F-11D3-BF4B-00C04F79EFBC}") = "More.Npc", "Npc\More.Npc.csproj", "{FC7E6554-A125-4F59-93D9-0BA3AAF0FA3A}"
EndProject
Project("{FAE04EC0-301F-11D3-BF4B-00C04F79EFBC}") = "More.Npc.Test", "Npc\Test\More.Npc.Test.csproj", "{D3B8D53C-7AF9-4C3D-9A98-33F1FA17D6FD}"
EndProject
Project("{FAE04EC0-301F-11D3-BF4B-00C04F79EFBC}") = "NpcClientGenerator", "Npc\NpcClientGenerator\NpcClientGenerator.csproj", "{DAF8FBE2-82DB-434A-8DF5-B090737F2A3B}"
EndProject
Global
	GlobalSection(TestCaseManagementSettings) = postSolution
		CategoryFile = More.vsmdi
	EndGlobalSection
	GlobalSection(SolutionConfigurationPlatforms) = preSolution
		Debug|Any CPU = Debug|Any CPU
		Release|Any CPU = Release|Any CPU
	EndGlobalSection
	GlobalSection(ProjectConfigurationPlatforms) = postSolution
		{8A66267F-EA94-4EDC-99DE-53C7613902D2}.Debug|Any CPU.ActiveCfg = Debug|Any CPU
		{8A66267F-EA94-4EDC-99DE-53C7613902D2}.Debug|Any CPU.Build.0 = Debug|Any CPU
		{8A66267F-EA94-4EDC-99DE-53C7613902D2}.Release|Any CPU.ActiveCfg = Release|Any CPU
		{8A66267F-EA94-4EDC-99DE-53C7613902D2}.Release|Any CPU.Build.0 = Release|Any CPU
		{9AF5441B-8208-44E6-9686-A29D8019FBD5}.Debug|Any CPU.ActiveCfg = Debug|Any CPU
		{9AF5441B-8208-44E6-9686-A29D8019FBD5}.Debug|Any CPU.Build.0 = Debug|Any CPU
		{9AF5441B-8208-44E6-9686-A29D8019FBD5}.Release|Any CPU.ActiveCfg = Release|Any CPU
		{9AF5441B-8208-44E6-9686-A29D8019FBD5}.Release|Any CPU.Build.0 = Release|Any CPU
		{FC7E6554-A125-4F59-93D9-0BA3AAF0FA3A}.Debug|Any CPU.ActiveCfg = Debug|Any CPU
		{FC7E6554-A125-4F59-93D9-0BA3AAF0FA3A}.Debug|Any CPU.Build.0 = Debug|Any CPU
		{FC7E6554-A125-4F59-93D9-0BA3AAF0FA3A}.Release|Any CPU.ActiveCfg = Release|Any CPU
		{FC7E6554-A125-4F59-93D9-0BA3AAF0FA3A}.Release|Any CPU.Build.0 = Release|Any CPU
		{D3B8D53C-7AF9-4C3D-9A98-33F1FA17D6FD}.Debug|Any CPU.ActiveCfg = Debug|Any CPU
		{D3B8D53C-7AF9-4C3D-9A98-33F1FA17D6FD}.Debug|Any CPU.Build.0 = Debug|Any CPU
		{D3B8D53C-7AF9-4C3D-9A98-33F1FA17D6FD}.Release|Any CPU.ActiveCfg = Release|Any CPU
		{D3B8D53C-7AF9-4C3D-9A98-33F1FA17D6FD}.Release|Any CPU.Build.0 = Release|Any CPU
		{DAF8FBE2-82DB-434A-8DF5-B090737F2A3B}.Debug|Any CPU.ActiveCfg = Debug|Any CPU
		{DAF8FBE2-82DB-434A-8DF5-B090737F2A3B}.Debug|Any CPU.Build.0 = Debug|Any CPU
		{DAF8FBE2-82DB-434A-8DF5-B090737F2A3B}.Release|Any CPU.ActiveCfg = Release|Any CPU
		{DAF8FBE2-82DB-434A-8DF5-B090737F2A3B}.Release|Any CPU.Build.0 = Release|Any CPU
	EndGlobalSection
	GlobalSection(SolutionProperties) = preSolution
		HideSolutionNode = FALSE
	EndGlobalSection
EndGlobal
