
Microsoft Visual Studio Solution File, Format Version 10.00
# Visual Studio 2008
Project("{FAE04EC0-301F-11D3-BF4B-00C04F79EFBC}") = "RpcLibraryCE", "RpcLibrary\RpcLibraryCE.csproj", "{74AC803F-3645-4EC7-ABE1-83AC72BB9E0F}"
EndProject
Project("{FAE04EC0-301F-11D3-BF4B-00C04F79EFBC}") = "NfsLibraryCE", "NfsLibrary\NfsLibraryCE.csproj", "{F7DD73A4-5294-4FB9-8E65-C39DB552FC81}"
EndProject
Project("{FAE04EC0-301F-11D3-BF4B-00C04F79EFBC}") = "NfsServerCE", "NfsServer\NfsServerCE.csproj", "{BFAFA06B-9106-4E1C-B146-6646E133FAC0}"
EndProject
Project("{FAE04EC0-301F-11D3-BF4B-00C04F79EFBC}") = "More.CE", "..\More\More.CE.csproj", "{2D13809C-50A6-4047-BDFF-3F41B60FADBC}"
EndProject
Project("{FAE04EC0-301F-11D3-BF4B-00C04F79EFBC}") = "More.Net.CE", "More.Net.CE.csproj", "{708A8043-D2E8-4D13-BB64-3E40D2DD2956}"
EndProject
Global
	GlobalSection(SolutionConfigurationPlatforms) = preSolution
		Debug|Any CPU = Debug|Any CPU
		Release|Any CPU = Release|Any CPU
	EndGlobalSection
	GlobalSection(ProjectConfigurationPlatforms) = postSolution
		{74AC803F-3645-4EC7-ABE1-83AC72BB9E0F}.Debug|Any CPU.ActiveCfg = Debug|Any CPU
		{74AC803F-3645-4EC7-ABE1-83AC72BB9E0F}.Debug|Any CPU.Build.0 = Debug|Any CPU
		{74AC803F-3645-4EC7-ABE1-83AC72BB9E0F}.Release|Any CPU.ActiveCfg = Release|Any CPU
		{74AC803F-3645-4EC7-ABE1-83AC72BB9E0F}.Release|Any CPU.Build.0 = Release|Any CPU
		{F7DD73A4-5294-4FB9-8E65-C39DB552FC81}.Debug|Any CPU.ActiveCfg = Debug|Any CPU
		{F7DD73A4-5294-4FB9-8E65-C39DB552FC81}.Debug|Any CPU.Build.0 = Debug|Any CPU
		{F7DD73A4-5294-4FB9-8E65-C39DB552FC81}.Release|Any CPU.ActiveCfg = Release|Any CPU
		{F7DD73A4-5294-4FB9-8E65-C39DB552FC81}.Release|Any CPU.Build.0 = Release|Any CPU
		{BFAFA06B-9106-4E1C-B146-6646E133FAC0}.Debug|Any CPU.ActiveCfg = Debug|Any CPU
		{BFAFA06B-9106-4E1C-B146-6646E133FAC0}.Debug|Any CPU.Build.0 = Debug|Any CPU
		{BFAFA06B-9106-4E1C-B146-6646E133FAC0}.Debug|Any CPU.Deploy.0 = Debug|Any CPU
		{BFAFA06B-9106-4E1C-B146-6646E133FAC0}.Release|Any CPU.ActiveCfg = Release|Any CPU
		{BFAFA06B-9106-4E1C-B146-6646E133FAC0}.Release|Any CPU.Build.0 = Release|Any CPU
		{BFAFA06B-9106-4E1C-B146-6646E133FAC0}.Release|Any CPU.Deploy.0 = Release|Any CPU
		{2D13809C-50A6-4047-BDFF-3F41B60FADBC}.Debug|Any CPU.ActiveCfg = Debug|Any CPU
		{2D13809C-50A6-4047-BDFF-3F41B60FADBC}.Debug|Any CPU.Build.0 = Debug|Any CPU
		{2D13809C-50A6-4047-BDFF-3F41B60FADBC}.Release|Any CPU.ActiveCfg = Release|Any CPU
		{2D13809C-50A6-4047-BDFF-3F41B60FADBC}.Release|Any CPU.Build.0 = Release|Any CPU
		{708A8043-D2E8-4D13-BB64-3E40D2DD2956}.Debug|Any CPU.ActiveCfg = Debug|Any CPU
		{708A8043-D2E8-4D13-BB64-3E40D2DD2956}.Debug|Any CPU.Build.0 = Debug|Any CPU
		{708A8043-D2E8-4D13-BB64-3E40D2DD2956}.Release|Any CPU.ActiveCfg = Release|Any CPU
		{708A8043-D2E8-4D13-BB64-3E40D2DD2956}.Release|Any CPU.Build.0 = Release|Any CPU
	EndGlobalSection
	GlobalSection(SolutionProperties) = preSolution
		HideSolutionNode = FALSE
	EndGlobalSection
EndGlobal
